// !$*UTF8*$!
{
	archiveVersion = 1;
	classes = {
	};
	objectVersion = 50;
	objects = {

/* Begin PBXBuildFile section */
		18AC46E321CCCBC300F354A7 /* AppDelegate.swift in Sources */ = {isa = PBXBuildFile; fileRef = 18AC46E221CCCBC300F354A7 /* AppDelegate.swift */; };
		18AC46E521CCCBC300F354A7 /* ViewController.swift in Sources */ = {isa = PBXBuildFile; fileRef = 18AC46E421CCCBC300F354A7 /* ViewController.swift */; };
		18AC46E821CCCBC300F354A7 /* Main.storyboard in Resources */ = {isa = PBXBuildFile; fileRef = 18AC46E621CCCBC300F354A7 /* Main.storyboard */; };
		18AC46EA21CCCBC500F354A7 /* Assets.xcassets in Resources */ = {isa = PBXBuildFile; fileRef = 18AC46E921CCCBC500F354A7 /* Assets.xcassets */; };
		18AC46ED21CCCBC500F354A7 /* LaunchScreen.storyboard in Resources */ = {isa = PBXBuildFile; fileRef = 18AC46EB21CCCBC500F354A7 /* LaunchScreen.storyboard */; };
		18AC46F821CCCBC500F354A7 /* ShortcutTests.swift in Sources */ = {isa = PBXBuildFile; fileRef = 18AC46F721CCCBC500F354A7 /* ShortcutTests.swift */; };
		18AC470321CCCBC500F354A7 /* ShortcutUITests.swift in Sources */ = {isa = PBXBuildFile; fileRef = 18AC470221CCCBC500F354A7 /* ShortcutUITests.swift */; };
		18AC471121CCDD8700F354A7 /* default2.png in Resources */ = {isa = PBXBuildFile; fileRef = 18AC471021CCDD8700F354A7 /* default2.png */; };
		18AC471321CCDE2A00F354A7 /* diamond.png in Resources */ = {isa = PBXBuildFile; fileRef = 18AC471221CCDE2A00F354A7 /* diamond.png */; };
		18AC471521CCE9C300F354A7 /* README.md in Resources */ = {isa = PBXBuildFile; fileRef = 18AC471421CCE9C300F354A7 /* README.md */; };
/* End PBXBuildFile section */

/* Begin PBXContainerItemProxy section */
		18AC46F421CCCBC500F354A7 /* PBXContainerItemProxy */ = {
			isa = PBXContainerItemProxy;
			containerPortal = 18AC46D721CCCBC300F354A7 /* Project object */;
			proxyType = 1;
			remoteGlobalIDString = 18AC46DE21CCCBC300F354A7;
			remoteInfo = Shortcut;
		};
		18AC46FF21CCCBC500F354A7 /* PBXContainerItemProxy */ = {
			isa = PBXContainerItemProxy;
			containerPortal = 18AC46D721CCCBC300F354A7 /* Project object */;
			proxyType = 1;
			remoteGlobalIDString = 18AC46DE21CCCBC300F354A7;
			remoteInfo = Shortcut;
		};
/* End PBXContainerItemProxy section */

/* Begin PBXFileReference section */
		18AC46DF21CCCBC300F354A7 /* Shortcut.app */ = {isa = PBXFileReference; explicitFileType = wrapper.application; includeInIndex = 0; path = Shortcut.app; sourceTree = BUILT_PRODUCTS_DIR; };
		18AC46E221CCCBC300F354A7 /* AppDelegate.swift */ = {isa = PBXFileReference; lastKnownFileType = sourcecode.swift; path = AppDelegate.swift; sourceTree = "<group>"; };
		18AC46E421CCCBC300F354A7 /* ViewController.swift */ = {isa = PBXFileReference; lastKnownFileType = sourcecode.swift; path = ViewController.swift; sourceTree = "<group>"; };
		18AC46E721CCCBC300F354A7 /* Base */ = {isa = PBXFileReference; lastKnownFileType = file.storyboard; name = Base; path = Base.lproj/Main.storyboard; sourceTree = "<group>"; };
		18AC46E921CCCBC500F354A7 /* Assets.xcassets */ = {isa = PBXFileReference; lastKnownFileType = folder.assetcatalog; path = Assets.xcassets; sourceTree = "<group>"; };
		18AC46EC21CCCBC500F354A7 /* Base */ = {isa = PBXFileReference; lastKnownFileType = file.storyboard; name = Base; path = Base.lproj/LaunchScreen.storyboard; sourceTree = "<group>"; };
		18AC46EE21CCCBC500F354A7 /* Info.plist */ = {isa = PBXFileReference; lastKnownFileType = text.plist.xml; path = Info.plist; sourceTree = "<group>"; };
		18AC46F321CCCBC500F354A7 /* ShortcutTests.xctest */ = {isa = PBXFileReference; explicitFileType = wrapper.cfbundle; includeInIndex = 0; path = ShortcutTests.xctest; sourceTree = BUILT_PRODUCTS_DIR; };
		18AC46F721CCCBC500F354A7 /* ShortcutTests.swift */ = {isa = PBXFileReference; lastKnownFileType = sourcecode.swift; path = ShortcutTests.swift; sourceTree = "<group>"; };
		18AC46F921CCCBC500F354A7 /* Info.plist */ = {isa = PBXFileReference; lastKnownFileType = text.plist.xml; path = Info.plist; sourceTree = "<group>"; };
		18AC46FE21CCCBC500F354A7 /* ShortcutUITests.xctest */ = {isa = PBXFileReference; explicitFileType = wrapper.cfbundle; includeInIndex = 0; path = ShortcutUITests.xctest; sourceTree = BUILT_PRODUCTS_DIR; };
		18AC470221CCCBC500F354A7 /* ShortcutUITests.swift */ = {isa = PBXFileReference; lastKnownFileType = sourcecode.swift; path = ShortcutUITests.swift; sourceTree = "<group>"; };
		18AC470421CCCBC500F354A7 /* Info.plist */ = {isa = PBXFileReference; lastKnownFileType = text.plist.xml; path = Info.plist; sourceTree = "<group>"; };
		18AC471021CCDD8700F354A7 /* default2.png */ = {isa = PBXFileReference; lastKnownFileType = image.png; name = default2.png; path = ../../../../Downloads/default2.png; sourceTree = "<group>"; };
		18AC471221CCDE2A00F354A7 /* diamond.png */ = {isa = PBXFileReference; lastKnownFileType = image.png; path = diamond.png; sourceTree = "<group>"; };
		18AC471421CCE9C300F354A7 /* README.md */ = {isa = PBXFileReference; fileEncoding = 4; lastKnownFileType = net.daringfireball.markdown; path = README.md; sourceTree = "<group>"; };
/* End PBXFileReference section */

/* Begin PBXFrameworksBuildPhase section */
		18AC46DC21CCCBC300F354A7 /* Frameworks */ = {
			isa = PBXFrameworksBuildPhase;
			buildActionMask = 2147483647;
			files = (
			);
			runOnlyForDeploymentPostprocessing = 0;
		};
		18AC46F021CCCBC500F354A7 /* Frameworks */ = {
			isa = PBXFrameworksBuildPhase;
			buildActionMask = 2147483647;
			files = (
			);
			runOnlyForDeploymentPostprocessing = 0;
		};
		18AC46FB21CCCBC500F354A7 /* Frameworks */ = {
			isa = PBXFrameworksBuildPhase;
			buildActionMask = 2147483647;
			files = (
			);
			runOnlyForDeploymentPostprocessing = 0;
		};
/* End PBXFrameworksBuildPhase section */

/* Begin PBXGroup section */
		18AC46D621CCCBC300F354A7 = {
			isa = PBXGroup;
			children = (
				18AC471421CCE9C300F354A7 /* README.md */,
				18AC46E121CCCBC300F354A7 /* Shortcut */,
				18AC46F621CCCBC500F354A7 /* ShortcutTests */,
				18AC470121CCCBC500F354A7 /* ShortcutUITests */,
				18AC46E021CCCBC300F354A7 /* Products */,
			);
			sourceTree = "<group>";
		};
		18AC46E021CCCBC300F354A7 /* Products */ = {
			isa = PBXGroup;
			children = (
				18AC46DF21CCCBC300F354A7 /* Shortcut.app */,
				18AC46F321CCCBC500F354A7 /* ShortcutTests.xctest */,
				18AC46FE21CCCBC500F354A7 /* ShortcutUITests.xctest */,
			);
			name = Products;
			sourceTree = "<group>";
		};
		18AC46E121CCCBC300F354A7 /* Shortcut */ = {
			isa = PBXGroup;
			children = (
				18AC46E221CCCBC300F354A7 /* AppDelegate.swift */,
				18AC471021CCDD8700F354A7 /* default2.png */,
				18AC471221CCDE2A00F354A7 /* diamond.png */,
				18AC46E421CCCBC300F354A7 /* ViewController.swift */,
				18AC46E621CCCBC300F354A7 /* Main.storyboard */,
				18AC46E921CCCBC500F354A7 /* Assets.xcassets */,
				18AC46EB21CCCBC500F354A7 /* LaunchScreen.storyboard */,
				18AC46EE21CCCBC500F354A7 /* Info.plist */,
			);
			path = Shortcut;
			sourceTree = "<group>";
		};
		18AC46F621CCCBC500F354A7 /* ShortcutTests */ = {
			isa = PBXGroup;
			children = (
				18AC46F721CCCBC500F354A7 /* ShortcutTests.swift */,
				18AC46F921CCCBC500F354A7 /* Info.plist */,
			);
			path = ShortcutTests;
			sourceTree = "<group>";
		};
		18AC470121CCCBC500F354A7 /* ShortcutUITests */ = {
			isa = PBXGroup;
			children = (
				18AC470221CCCBC500F354A7 /* ShortcutUITests.swift */,
				18AC470421CCCBC500F354A7 /* Info.plist */,
			);
			path = ShortcutUITests;
			sourceTree = "<group>";
		};
/* End PBXGroup section */

/* Begin PBXNativeTarget section */
		18AC46DE21CCCBC300F354A7 /* Shortcut */ = {
			isa = PBXNativeTarget;
			buildConfigurationList = 18AC470721CCCBC500F354A7 /* Build configuration list for PBXNativeTarget "Shortcut" */;
			buildPhases = (
				18AC46DB21CCCBC300F354A7 /* Sources */,
				18AC46DC21CCCBC300F354A7 /* Frameworks */,
				18AC46DD21CCCBC300F354A7 /* Resources */,
			);
			buildRules = (
			);
			dependencies = (
			);
			name = Shortcut;
			productName = Shortcut;
			productReference = 18AC46DF21CCCBC300F354A7 /* Shortcut.app */;
			productType = "com.apple.product-type.application";
		};
		18AC46F221CCCBC500F354A7 /* ShortcutTests */ = {
			isa = PBXNativeTarget;
			buildConfigurationList = 18AC470A21CCCBC500F354A7 /* Build configuration list for PBXNativeTarget "ShortcutTests" */;
			buildPhases = (
				18AC46EF21CCCBC500F354A7 /* Sources */,
				18AC46F021CCCBC500F354A7 /* Frameworks */,
				18AC46F121CCCBC500F354A7 /* Resources */,
			);
			buildRules = (
			);
			dependencies = (
				18AC46F521CCCBC500F354A7 /* PBXTargetDependency */,
			);
			name = ShortcutTests;
			productName = ShortcutTests;
			productReference = 18AC46F321CCCBC500F354A7 /* ShortcutTests.xctest */;
			productType = "com.apple.product-type.bundle.unit-test";
		};
		18AC46FD21CCCBC500F354A7 /* ShortcutUITests */ = {
			isa = PBXNativeTarget;
			buildConfigurationList = 18AC470D21CCCBC500F354A7 /* Build configuration list for PBXNativeTarget "ShortcutUITests" */;
			buildPhases = (
				18AC46FA21CCCBC500F354A7 /* Sources */,
				18AC46FB21CCCBC500F354A7 /* Frameworks */,
				18AC46FC21CCCBC500F354A7 /* Resources */,
			);
			buildRules = (
			);
			dependencies = (
				18AC470021CCCBC500F354A7 /* PBXTargetDependency */,
			);
			name = ShortcutUITests;
			productName = ShortcutUITests;
			productReference = 18AC46FE21CCCBC500F354A7 /* ShortcutUITests.xctest */;
			productType = "com.apple.product-type.bundle.ui-testing";
		};
/* End PBXNativeTarget section */

/* Begin PBXProject section */
		18AC46D721CCCBC300F354A7 /* Project object */ = {
			isa = PBXProject;
			attributes = {
				LastSwiftUpdateCheck = 1010;
				LastUpgradeCheck = 1010;
				ORGANIZATIONNAME = apple;
				TargetAttributes = {
					18AC46DE21CCCBC300F354A7 = {
						CreatedOnToolsVersion = 10.1;
					};
					18AC46F221CCCBC500F354A7 = {
						CreatedOnToolsVersion = 10.1;
						TestTargetID = 18AC46DE21CCCBC300F354A7;
					};
					18AC46FD21CCCBC500F354A7 = {
						CreatedOnToolsVersion = 10.1;
						TestTargetID = 18AC46DE21CCCBC300F354A7;
					};
				};
			};
			buildConfigurationList = 18AC46DA21CCCBC300F354A7 /* Build configuration list for PBXProject "Shortcut" */;
			compatibilityVersion = "Xcode 9.3";
			developmentRegion = en;
			hasScannedForEncodings = 0;
			knownRegions = (
				en,
				Base,
			);
			mainGroup = 18AC46D621CCCBC300F354A7;
			productRefGroup = 18AC46E021CCCBC300F354A7 /* Products */;
			projectDirPath = "";
			projectRoot = "";
			targets = (
				18AC46DE21CCCBC300F354A7 /* Shortcut */,
				18AC46F221CCCBC500F354A7 /* ShortcutTests */,
				18AC46FD21CCCBC500F354A7 /* ShortcutUITests */,
			);
		};
/* End PBXProject section */

/* Begin PBXResourcesBuildPhase section */
		18AC46DD21CCCBC300F354A7 /* Resources */ = {
			isa = PBXResourcesBuildPhase;
			buildActionMask = 2147483647;
			files = (
				18AC471521CCE9C300F354A7 /* README.md in Resources */,
				18AC471321CCDE2A00F354A7 /* diamond.png in Resources */,
				18AC46ED21CCCBC500F354A7 /* LaunchScreen.storyboard in Resources */,
				18AC46EA21CCCBC500F354A7 /* Assets.xcassets in Resources */,
				18AC471121CCDD8700F354A7 /* default2.png in Resources */,
				18AC46E821CCCBC300F354A7 /* Main.storyboard in Resources */,
			);
			runOnlyForDeploymentPostprocessing = 0;
		};
		18AC46F121CCCBC500F354A7 /* Resources */ = {
			isa = PBXResourcesBuildPhase;
			buildActionMask = 2147483647;
			files = (
			);
			runOnlyForDeploymentPostprocessing = 0;
		};
		18AC46FC21CCCBC500F354A7 /* Resources */ = {
			isa = PBXResourcesBuildPhase;
			buildActionMask = 2147483647;
			files = (
			);
			runOnlyForDeploymentPostprocessing = 0;
		};
/* End PBXResourcesBuildPhase section */

/* Begin PBXSourcesBuildPhase section */
		18AC46DB21CCCBC300F354A7 /* Sources */ = {
			isa = PBXSourcesBuildPhase;
			buildActionMask = 2147483647;
			files = (
				18AC46E521CCCBC300F354A7 /* ViewController.swift in Sources */,
				18AC46E321CCCBC300F354A7 /* AppDelegate.swift in Sources */,
			);
			runOnlyForDeploymentPostprocessing = 0;
		};
		18AC46EF21CCCBC500F354A7 /* Sources */ = {
			isa = PBXSourcesBuildPhase;
			buildActionMask = 2147483647;
			files = (
				18AC46F821CCCBC500F354A7 /* ShortcutTests.swift in Sources */,
			);
			runOnlyForDeploymentPostprocessing = 0;
		};
		18AC46FA21CCCBC500F354A7 /* Sources */ = {
			isa = PBXSourcesBuildPhase;
			buildActionMask = 2147483647;
			files = (
				18AC470321CCCBC500F354A7 /* ShortcutUITests.swift in Sources */,
			);
			runOnlyForDeploymentPostprocessing = 0;
		};
/* End PBXSourcesBuildPhase section */

/* Begin PBXTargetDependency section */
		18AC46F521CCCBC500F354A7 /* PBXTargetDependency */ = {
			isa = PBXTargetDependency;
			target = 18AC46DE21CCCBC300F354A7 /* Shortcut */;
			targetProxy = 18AC46F421CCCBC500F354A7 /* PBXContainerItemProxy */;
		};
		18AC470021CCCBC500F354A7 /* PBXTargetDependency */ = {
			isa = PBXTargetDependency;
			target = 18AC46DE21CCCBC300F354A7 /* Shortcut */;
			targetProxy = 18AC46FF21CCCBC500F354A7 /* PBXContainerItemProxy */;
		};
/* End PBXTargetDependency section */

/* Begin PBXVariantGroup section */
		18AC46E621CCCBC300F354A7 /* Main.storyboard */ = {
			isa = PBXVariantGroup;
			children = (
				18AC46E721CCCBC300F354A7 /* Base */,
			);
			name = Main.storyboard;
			sourceTree = "<group>";
		};
		18AC46EB21CCCBC500F354A7 /* LaunchScreen.storyboard */ = {
			isa = PBXVariantGroup;
			children = (
				18AC46EC21CCCBC500F354A7 /* Base */,
			);
			name = LaunchScreen.storyboard;
			sourceTree = "<group>";
		};
/* End PBXVariantGroup section */

/* Begin XCBuildConfiguration section */
		18AC470521CCCBC500F354A7 /* Debug */ = {
			isa = XCBuildConfiguration;
			buildSettings = {
				ALWAYS_SEARCH_USER_PATHS = NO;
				CLANG_ANALYZER_NONNULL = YES;
				CLANG_ANALYZER_NUMBER_OBJECT_CONVERSION = YES_AGGRESSIVE;
				CLANG_CXX_LANGUAGE_STANDARD = "gnu++14";
				CLANG_CXX_LIBRARY = "libc++";
				CLANG_ENABLE_MODULES = YES;
				CLANG_ENABLE_OBJC_ARC = YES;
				CLANG_ENABLE_OBJC_WEAK = YES;
				CLANG_WARN_BLOCK_CAPTURE_AUTORELEASING = YES;
				CLANG_WARN_BOOL_CONVERSION = YES;
				CLANG_WARN_COMMA = YES;
				CLANG_WARN_CONSTANT_CONVERSION = YES;
				CLANG_WARN_DEPRECATED_OBJC_IMPLEMENTATIONS = YES;
				CLANG_WARN_DIRECT_OBJC_ISA_USAGE = YES_ERROR;
				CLANG_WARN_DOCUMENTATION_COMMENTS = YES;
				CLANG_WARN_EMPTY_BODY = YES;
				CLANG_WARN_ENUM_CONVERSION = YES;
				CLANG_WARN_INFINITE_RECURSION = YES;
				CLANG_WARN_INT_CONVERSION = YES;
				CLANG_WARN_NON_LITERAL_NULL_CONVERSION = YES;
				CLANG_WARN_OBJC_IMPLICIT_RETAIN_SELF = YES;
				CLANG_WARN_OBJC_LITERAL_CONVERSION = YES;
				CLANG_WARN_OBJC_ROOT_CLASS = YES_ERROR;
				CLANG_WARN_RANGE_LOOP_ANALYSIS = YES;
				CLANG_WARN_STRICT_PROTOTYPES = YES;
				CLANG_WARN_SUSPICIOUS_MOVE = YES;
				CLANG_WARN_UNGUARDED_AVAILABILITY = YES_AGGRESSIVE;
				CLANG_WARN_UNREACHABLE_CODE = YES;
				CLANG_WARN__DUPLICATE_METHOD_MATCH = YES;
				CODE_SIGN_IDENTITY = "iPhone Developer";
				COPY_PHASE_STRIP = NO;
				DEBUG_INFORMATION_FORMAT = dwarf;
				ENABLE_STRICT_OBJC_MSGSEND = YES;
				ENABLE_TESTABILITY = YES;
				GCC_C_LANGUAGE_STANDARD = gnu11;
				GCC_DYNAMIC_NO_PIC = NO;
				GCC_NO_COMMON_BLOCKS = YES;
				GCC_OPTIMIZATION_LEVEL = 0;
				GCC_PREPROCESSOR_DEFINITIONS = (
					"DEBUG=1",
					"$(inherited)",
				);
				GCC_WARN_64_TO_32_BIT_CONVERSION = YES;
				GCC_WARN_ABOUT_RETURN_TYPE = YES_ERROR;
				GCC_WARN_UNDECLARED_SELECTOR = YES;
				GCC_WARN_UNINITIALIZED_AUTOS = YES_AGGRESSIVE;
				GCC_WARN_UNUSED_FUNCTION = YES;
				GCC_WARN_UNUSED_VARIABLE = YES;
				IPHONEOS_DEPLOYMENT_TARGET = 12.1;
				MTL_ENABLE_DEBUG_INFO = INCLUDE_SOURCE;
				MTL_FAST_MATH = YES;
				ONLY_ACTIVE_ARCH = YES;
				SDKROOT = iphoneos;
				SWIFT_ACTIVE_COMPILATION_CONDITIONS = DEBUG;
				SWIFT_OPTIMIZATION_LEVEL = "-Onone";
			};
			name = Debug;
		};
		18AC470621CCCBC500F354A7 /* Release */ = {
			isa = XCBuildConfiguration;
			buildSettings = {
				ALWAYS_SEARCH_USER_PATHS = NO;
				CLANG_ANALYZER_NONNULL = YES;
				CLANG_ANALYZER_NUMBER_OBJECT_CONVERSION = YES_AGGRESSIVE;
				CLANG_CXX_LANGUAGE_STANDARD = "gnu++14";
				CLANG_CXX_LIBRARY = "libc++";
				CLANG_ENABLE_MODULES = YES;
				CLANG_ENABLE_OBJC_ARC = YES;
				CLANG_ENABLE_OBJC_WEAK = YES;
				CLANG_WARN_BLOCK_CAPTURE_AUTORELEASING = YES;
				CLANG_WARN_BOOL_CONVERSION = YES;
				CLANG_WARN_COMMA = YES;
				CLANG_WARN_CONSTANT_CONVERSION = YES;
				CLANG_WARN_DEPRECATED_OBJC_IMPLEMENTATIONS = YES;
				CLANG_WARN_DIRECT_OBJC_ISA_USAGE = YES_ERROR;
				CLANG_WARN_DOCUMENTATION_COMMENTS = YES;
				CLANG_WARN_EMPTY_BODY = YES;
				CLANG_WARN_ENUM_CONVERSION = YES;
				CLANG_WARN_INFINITE_RECURSION = YES;
				CLANG_WARN_INT_CONVERSION = YES;
				CLANG_WARN_NON_LITERAL_NULL_CONVERSION = YES;
				CLANG_WARN_OBJC_IMPLICIT_RETAIN_SELF = YES;
				CLANG_WARN_OBJC_LITERAL_CONVERSION = YES;
				CLANG_WARN_OBJC_ROOT_CLASS = YES_ERROR;
				CLANG_WARN_RANGE_LOOP_ANALYSIS = YES;
				CLANG_WARN_STRICT_PROTOTYPES = YES;
				CLANG_WARN_SUSPICIOUS_MOVE = YES;
				CLANG_WARN_UNGUARDED_AVAILABILITY = YES_AGGRESSIVE;
				CLANG_WARN_UNREACHABLE_CODE = YES;
				CLANG_WARN__DUPLICATE_METHOD_MATCH = YES;
				CODE_SIGN_IDENTITY = "iPhone Developer";
				COPY_PHASE_STRIP = NO;
				DEBUG_INFORMATION_FORMAT = "dwarf-with-dsym";
				ENABLE_NS_ASSERTIONS = NO;
				ENABLE_STRICT_OBJC_MSGSEND = YES;
				GCC_C_LANGUAGE_STANDARD = gnu11;
				GCC_NO_COMMON_BLOCKS = YES;
				GCC_WARN_64_TO_32_BIT_CONVERSION = YES;
				GCC_WARN_ABOUT_RETURN_TYPE = YES_ERROR;
				GCC_WARN_UNDECLARED_SELECTOR = YES;
				GCC_WARN_UNINITIALIZED_AUTOS = YES_AGGRESSIVE;
				GCC_WARN_UNUSED_FUNCTION = YES;
				GCC_WARN_UNUSED_VARIABLE = YES;
				IPHONEOS_DEPLOYMENT_TARGET = 12.1;
				MTL_ENABLE_DEBUG_INFO = NO;
				MTL_FAST_MATH = YES;
				SDKROOT = iphoneos;
				SWIFT_COMPILATION_MODE = wholemodule;
				SWIFT_OPTIMIZATION_LEVEL = "-O";
				VALIDATE_PRODUCT = YES;
			};
			name = Release;
		};
		18AC470821CCCBC500F354A7 /* Debug */ = {
			isa = XCBuildConfiguration;
			buildSettings = {
				ASSETCATALOG_COMPILER_APPICON_NAME = AppIcon;
				CODE_SIGN_STYLE = Automatic;
				DEVELOPMENT_TEAM = TPZU59J8D6;
				INFOPLIST_FILE = Shortcut/Info.plist;
				IPHONEOS_DEPLOYMENT_TARGET = 10.0;
				LD_RUNPATH_SEARCH_PATHS = (
					"$(inherited)",
					"@executable_path/Frameworks",
				);
				PRODUCT_BUNDLE_IDENTIFIER = apple.Shortcut;
				PRODUCT_NAME = "$(TARGET_NAME)";
				SWIFT_VERSION = 4.2;
				TARGETED_DEVICE_FAMILY = "1,2";
			};
			name = Debug;
		};
		18AC470921CCCBC500F354A7 /* Release */ = {
			isa = XCBuildConfiguration;
			buildSettings = {
				ASSETCATALOG_COMPILER_APPICON_NAME = AppIcon;
				CODE_SIGN_STYLE = Automatic;
				DEVELOPMENT_TEAM = TPZU59J8D6;
				INFOPLIST_FILE = Shortcut/Info.plist;
				IPHONEOS_DEPLOYMENT_TARGET = 10.0;
				LD_RUNPATH_SEARCH_PATHS = (
					"$(inherited)",
					"@executable_path/Frameworks",
				);
				PRODUCT_BUNDLE_IDENTIFIER = apple.Shortcut;
				PRODUCT_NAME = "$(TARGET_NAME)";
				SWIFT_VERSION = 4.2;
				TARGETED_DEVICE_FAMILY = "1,2";
			};
			name = Release;
		};
		18AC470B21CCCBC500F354A7 /* Debug */ = {
			isa = XCBuildConfiguration;
			buildSettings = {
				ALWAYS_EMBED_SWIFT_STANDARD_LIBRARIES = YES;
				BUNDLE_LOADER = "$(TEST_HOST)";
				CODE_SIGN_STYLE = Automatic;
				INFOPLIST_FILE = ShortcutTests/Info.plist;
				LD_RUNPATH_SEARCH_PATHS = (
					"$(inherited)",
					"@executable_path/Frameworks",
					"@loader_path/Frameworks",
				);
				PRODUCT_BUNDLE_IDENTIFIER = apple.ShortcutTests;
				PRODUCT_NAME = "$(TARGET_NAME)";
				SWIFT_VERSION = 4.2;
				TARGETED_DEVICE_FAMILY = "1,2";
				TEST_HOST = "$(BUILT_PRODUCTS_DIR)/Shortcut.app/Shortcut";
			};
			name = Debug;
		};
		18AC470C21CCCBC500F354A7 /* Release */ = {
			isa = XCBuildConfiguration;
			buildSettings = {
				ALWAYS_EMBED_SWIFT_STANDARD_LIBRARIES = YES;
				BUNDLE_LOADER = "$(TEST_HOST)";
				CODE_SIGN_STYLE = Automatic;
				INFOPLIST_FILE = ShortcutTests/Info.plist;
				LD_RUNPATH_SEARCH_PATHS = (
					"$(inherited)",
					"@executable_path/Frameworks",
					"@loader_path/Frameworks",
				);
				PRODUCT_BUNDLE_IDENTIFIER = apple.ShortcutTests;
				PRODUCT_NAME = "$(TARGET_NAME)";
				SWIFT_VERSION = 4.2;
				TARGETED_DEVICE_FAMILY = "1,2";
				TEST_HOST = "$(BUILT_PRODUCTS_DIR)/Shortcut.app/Shortcut";
			};
			name = Release;
		};
		18AC470E21CCCBC500F354A7 /* Debug */ = {
			isa = XCBuildConfiguration;
			buildSettings = {
				ALWAYS_EMBED_SWIFT_STANDARD_LIBRARIES = YES;
				CODE_SIGN_STYLE = Automatic;
				INFOPLIST_FILE = ShortcutUITests/Info.plist;
				LD_RUNPATH_SEARCH_PATHS = (
					"$(inherited)",
					"@executable_path/Frameworks",
					"@loader_path/Frameworks",
				);
				PRODUCT_BUNDLE_IDENTIFIER = apple.ShortcutUITests;
				PRODUCT_NAME = "$(TARGET_NAME)";
				SWIFT_VERSION = 4.2;
				TARGETED_DEVICE_FAMILY = "1,2";
				TEST_TARGET_NAME = Shortcut;
			};
			name = Debug;
		};
		18AC470F21CCCBC500F354A7 /* Release */ = {
			isa = XCBuildConfiguration;
			buildSettings = {
				ALWAYS_EMBED_SWIFT_STANDARD_LIBRARIES = YES;
				CODE_SIGN_STYLE = Automatic;
				INFOPLIST_FILE = ShortcutUITests/Info.plist;
				LD_RUNPATH_SEARCH_PATHS = (
					"$(inherited)",
					"@executable_path/Frameworks",
					"@loader_path/Frameworks",
				);
				PRODUCT_BUNDLE_IDENTIFIER = apple.ShortcutUITests;
				PRODUCT_NAME = "$(TARGET_NAME)";
				SWIFT_VERSION = 4.2;
				TARGETED_DEVICE_FAMILY = "1,2";
				TEST_TARGET_NAME = Shortcut;
			};
			name = Release;
		};
/* End XCBuildConfiguration section */

/* Begin XCConfigurationList section */
		18AC46DA21CCCBC300F354A7 /* Build configuration list for PBXProject "Shortcut" */ = {
			isa = XCConfigurationList;
			buildConfigurations = (
				18AC470521CCCBC500F354A7 /* Debug */,
				18AC470621CCCBC500F354A7 /* Release */,
			);
			defaultConfigurationIsVisible = 0;
			defaultConfigurationName = Release;
		};
		18AC470721CCCBC500F354A7 /* Build configuration list for PBXNativeTarget "Shortcut" */ = {
			isa = XCConfigurationList;
			buildConfigurations = (
				18AC470821CCCBC500F354A7 /* Debug */,
				18AC470921CCCBC500F354A7 /* Release */,
			);
			defaultConfigurationIsVisible = 0;
			defaultConfigurationName = Release;
		};
		18AC470A21CCCBC500F354A7 /* Build configuration list for PBXNativeTarget "ShortcutTests" */ = {
			isa = XCConfigurationList;
			buildConfigurations = (
				18AC470B21CCCBC500F354A7 /* Debug */,
				18AC470C21CCCBC500F354A7 /* Release */,
			);
			defaultConfigurationIsVisible = 0;
			defaultConfigurationName = Release;
		};
		18AC470D21CCCBC500F354A7 /* Build configuration list for PBXNativeTarget "ShortcutUITests" */ = {
			isa = XCConfigurationList;
			buildConfigurations = (
				18AC470E21CCCBC500F354A7 /* Debug */,
				18AC470F21CCCBC500F354A7 /* Release */,
			);
			defaultConfigurationIsVisible = 0;
			defaultConfigurationName = Release;
		};
/* End XCConfigurationList section */
	};
	rootObject = 18AC46D721CCCBC300F354A7 /* Project object */;
}
